// !$*UTF8*$!
{
	archiveVersion = 1;
	classes = {
	};
	objectVersion = 48;
	objects = {

/* Begin PBXBuildFile section */
		BEA214A6206282A60027F0C7 /* AppDelegate.m in Sources */ = {isa = PBXBuildFile; fileRef = BEA214A5206282A60027F0C7 /* AppDelegate.m */; };
		BEA214A9206282A60027F0C7 /* ViewController.m in Sources */ = {isa = PBXBuildFile; fileRef = BEA214A8206282A60027F0C7 /* ViewController.m */; };
		BEA214AC206282A60027F0C7 /* Main.storyboard in Resources */ = {isa = PBXBuildFile; fileRef = BEA214AA206282A60027F0C7 /* Main.storyboard */; };
		BEA214AE206282A60027F0C7 /* Assets.xcassets in Resources */ = {isa = PBXBuildFile; fileRef = BEA214AD206282A60027F0C7 /* Assets.xcassets */; };
		BEA214B1206282A60027F0C7 /* LaunchScreen.storyboard in Resources */ = {isa = PBXBuildFile; fileRef = BEA214AF206282A60027F0C7 /* LaunchScreen.storyboard */; };
		BEA214B4206282A60027F0C7 /* main.m in Sources */ = {isa = PBXBuildFile; fileRef = BEA214B3206282A60027F0C7 /* main.m */; };
		BEA214BE206282A60027F0C7 /* AppTests.m in Sources */ = {isa = PBXBuildFile; fileRef = BEA214BD206282A60027F0C7 /* AppTests.m */; };
		BEA214C9206282A60027F0C7 /* AppUITests.m in Sources */ = {isa = PBXBuildFile; fileRef = BEA214C8206282A60027F0C7 /* AppUITests.m */; };
/* End PBXBuildFile section */

/* Begin PBXContainerItemProxy section */
		BEA214BA206282A60027F0C7 /* PBXContainerItemProxy */ = {
			isa = PBXContainerItemProxy;
			containerPortal = BEA21499206282A60027F0C7 /* Project object */;
			proxyType = 1;
			remoteGlobalIDString = BEA214A0206282A60027F0C7;
			remoteInfo = App;
		};
		BEA214C5206282A60027F0C7 /* PBXContainerItemProxy */ = {
			isa = PBXContainerItemProxy;
			containerPortal = BEA21499206282A60027F0C7 /* Project object */;
			proxyType = 1;
			remoteGlobalIDString = BEA214A0206282A60027F0C7;
			remoteInfo = App;
		};
/* End PBXContainerItemProxy section */

/* Begin PBXFileReference section */
		BEA214A1206282A60027F0C7 /* App.app */ = {isa = PBXFileReference; explicitFileType = wrapper.application; includeInIndex = 0; path = App.app; sourceTree = BUILT_PRODUCTS_DIR; };
		BEA214A4206282A60027F0C7 /* AppDelegate.h */ = {isa = PBXFileReference; lastKnownFileType = sourcecode.c.h; path = AppDelegate.h; sourceTree = "<group>"; };
		BEA214A5206282A60027F0C7 /* AppDelegate.m */ = {isa = PBXFileReference; lastKnownFileType = sourcecode.c.objc; path = AppDelegate.m; sourceTree = "<group>"; };
		BEA214A7206282A60027F0C7 /* ViewController.h */ = {isa = PBXFileReference; lastKnownFileType = sourcecode.c.h; path = ViewController.h; sourceTree = "<group>"; };
		BEA214A8206282A60027F0C7 /* ViewController.m */ = {isa = PBXFileReference; lastKnownFileType = sourcecode.c.objc; path = ViewController.m; sourceTree = "<group>"; };
		BEA214AB206282A60027F0C7 /* Base */ = {isa = PBXFileReference; lastKnownFileType = file.storyboard; name = Base; path = Base.lproj/Main.storyboard; sourceTree = "<group>"; };
		BEA214AD206282A60027F0C7 /* Assets.xcassets */ = {isa = PBXFileReference; lastKnownFileType = folder.assetcatalog; path = Assets.xcassets; sourceTree = "<group>"; };
		BEA214B0206282A60027F0C7 /* Base */ = {isa = PBXFileReference; lastKnownFileType = file.storyboard; name = Base; path = Base.lproj/LaunchScreen.storyboard; sourceTree = "<group>"; };
		BEA214B2206282A60027F0C7 /* Info.plist */ = {isa = PBXFileReference; lastKnownFileType = text.plist.xml; path = Info.plist; sourceTree = "<group>"; };
		BEA214B3206282A60027F0C7 /* main.m */ = {isa = PBXFileReference; lastKnownFileType = sourcecode.c.objc; path = main.m; sourceTree = "<group>"; };
		BEA214B9206282A60027F0C7 /* AppTests.xctest */ = {isa = PBXFileReference; explicitFileType = wrapper.cfbundle; includeInIndex = 0; path = AppTests.xctest; sourceTree = BUILT_PRODUCTS_DIR; };
		BEA214BD206282A60027F0C7 /* AppTests.m */ = {isa = PBXFileReference; lastKnownFileType = sourcecode.c.objc; path = AppTests.m; sourceTree = "<group>"; };
		BEA214BF206282A60027F0C7 /* Info.plist */ = {isa = PBXFileReference; lastKnownFileType = text.plist.xml; path = Info.plist; sourceTree = "<group>"; };
		BEA214C4206282A60027F0C7 /* AppUITests.xctest */ = {isa = PBXFileReference; explicitFileType = wrapper.cfbundle; includeInIndex = 0; path = AppUITests.xctest; sourceTree = BUILT_PRODUCTS_DIR; };
		BEA214C8206282A60027F0C7 /* AppUITests.m */ = {isa = PBXFileReference; lastKnownFileType = sourcecode.c.objc; path = AppUITests.m; sourceTree = "<group>"; };
		BEA214CA206282A60027F0C7 /* Info.plist */ = {isa = PBXFileReference; lastKnownFileType = text.plist.xml; path = Info.plist; sourceTree = "<group>"; };
/* End PBXFileReference section */

/* Begin PBXFrameworksBuildPhase section */
		BEA2149E206282A60027F0C7 /* Frameworks */ = {
			isa = PBXFrameworksBuildPhase;
			buildActionMask = 2147483647;
			files = (
			);
			runOnlyForDeploymentPostprocessing = 0;
		};
		BEA214B6206282A60027F0C7 /* Frameworks */ = {
			isa = PBXFrameworksBuildPhase;
			buildActionMask = 2147483647;
			files = (
			);
			runOnlyForDeploymentPostprocessing = 0;
		};
		BEA214C1206282A60027F0C7 /* Frameworks */ = {
			isa = PBXFrameworksBuildPhase;
			buildActionMask = 2147483647;
			files = (
			);
			runOnlyForDeploymentPostprocessing = 0;
		};
/* End PBXFrameworksBuildPhase section */

/* Begin PBXGroup section */
		BEA21498206282A60027F0C7 = {
			isa = PBXGroup;
			children = (
				BEA214A3206282A60027F0C7 /* App */,
				BEA214BC206282A60027F0C7 /* AppTests */,
				BEA214C7206282A60027F0C7 /* AppUITests */,
				BEA214A2206282A60027F0C7 /* Products */,
			);
			sourceTree = "<group>";
		};
		BEA214A2206282A60027F0C7 /* Products */ = {
			isa = PBXGroup;
			children = (
				BEA214A1206282A60027F0C7 /* App.app */,
				BEA214B9206282A60027F0C7 /* AppTests.xctest */,
				BEA214C4206282A60027F0C7 /* AppUITests.xctest */,
			);
			name = Products;
			sourceTree = "<group>";
		};
		BEA214A3206282A60027F0C7 /* App */ = {
			isa = PBXGroup;
			children = (
				BEA214A4206282A60027F0C7 /* AppDelegate.h */,
				BEA214A5206282A60027F0C7 /* AppDelegate.m */,
				BEA214A7206282A60027F0C7 /* ViewController.h */,
				BEA214A8206282A60027F0C7 /* ViewController.m */,
				BEA214AA206282A60027F0C7 /* Main.storyboard */,
				BEA214AD206282A60027F0C7 /* Assets.xcassets */,
				BEA214AF206282A60027F0C7 /* LaunchScreen.storyboard */,
				BEA214B2206282A60027F0C7 /* Info.plist */,
				BEA214B3206282A60027F0C7 /* main.m */,
			);
			path = App;
			sourceTree = "<group>";
		};
		BEA214BC206282A60027F0C7 /* AppTests */ = {
			isa = PBXGroup;
			children = (
				BEA214BD206282A60027F0C7 /* AppTests.m */,
				BEA214BF206282A60027F0C7 /* Info.plist */,
			);
			path = AppTests;
			sourceTree = "<group>";
		};
		BEA214C7206282A60027F0C7 /* AppUITests */ = {
			isa = PBXGroup;
			children = (
				BEA214C8206282A60027F0C7 /* AppUITests.m */,
				BEA214CA206282A60027F0C7 /* Info.plist */,
			);
			path = AppUITests;
			sourceTree = "<group>";
		};
/* End PBXGroup section */

/* Begin PBXNativeTarget section */
		BEA214A0206282A60027F0C7 /* App */ = {
			isa = PBXNativeTarget;
			buildConfigurationList = BEA214CD206282A60027F0C7 /* Build configuration list for PBXNativeTarget "App" */;
			buildPhases = (
				BEA2149D206282A60027F0C7 /* Sources */,
				BEA2149E206282A60027F0C7 /* Frameworks */,
				BEA2149F206282A60027F0C7 /* Resources */,
			);
			buildRules = (
			);
			dependencies = (
			);
			name = App;
			productName = App;
			productReference = BEA214A1206282A60027F0C7 /* App.app */;
			productType = "com.apple.product-type.application";
		};
		BEA214B8206282A60027F0C7 /* AppTests */ = {
			isa = PBXNativeTarget;
			buildConfigurationList = BEA214D0206282A60027F0C7 /* Build configuration list for PBXNativeTarget "AppTests" */;
			buildPhases = (
				BEA214B5206282A60027F0C7 /* Sources */,
				BEA214B6206282A60027F0C7 /* Frameworks */,
				BEA214B7206282A60027F0C7 /* Resources */,
			);
			buildRules = (
			);
			dependencies = (
				BEA214BB206282A60027F0C7 /* PBXTargetDependency */,
			);
			name = AppTests;
			productName = AppTests;
			productReference = BEA214B9206282A60027F0C7 /* AppTests.xctest */;
			productType = "com.apple.product-type.bundle.unit-test";
		};
		BEA214C3206282A60027F0C7 /* AppUITests */ = {
			isa = PBXNativeTarget;
			buildConfigurationList = BEA214D3206282A60027F0C7 /* Build configuration list for PBXNativeTarget "AppUITests" */;
			buildPhases = (
				BEA214C0206282A60027F0C7 /* Sources */,
				BEA214C1206282A60027F0C7 /* Frameworks */,
				BEA214C2206282A60027F0C7 /* Resources */,
			);
			buildRules = (
			);
			dependencies = (
				BEA214C6206282A60027F0C7 /* PBXTargetDependency */,
			);
			name = AppUITests;
			productName = AppUITests;
			productReference = BEA214C4206282A60027F0C7 /* AppUITests.xctest */;
			productType = "com.apple.product-type.bundle.ui-testing";
		};
/* End PBXNativeTarget section */

/* Begin PBXProject section */
		BEA21499206282A60027F0C7 /* Project object */ = {
			isa = PBXProject;
			attributes = {
				LastUpgradeCheck = 0920;
				ORGANIZATIONNAME = "Ada 2018";
				TargetAttributes = {
					BEA214A0206282A60027F0C7 = {
						CreatedOnToolsVersion = 9.2;
						ProvisioningStyle = Automatic;
					};
					BEA214B8206282A60027F0C7 = {
						CreatedOnToolsVersion = 9.2;
						ProvisioningStyle = Automatic;
						TestTargetID = BEA214A0206282A60027F0C7;
					};
					BEA214C3206282A60027F0C7 = {
						CreatedOnToolsVersion = 9.2;
						ProvisioningStyle = Automatic;
						TestTargetID = BEA214A0206282A60027F0C7;
					};
				};
			};
			buildConfigurationList = BEA2149C206282A60027F0C7 /* Build configuration list for PBXProject "App" */;
			compatibilityVersion = "Xcode 8.0";
			developmentRegion = en;
			hasScannedForEncodings = 0;
			knownRegions = (
				en,
				Base,
			);
			mainGroup = BEA21498206282A60027F0C7;
			productRefGroup = BEA214A2206282A60027F0C7 /* Products */;
			projectDirPath = "";
			projectRoot = "";
			targets = (
				BEA214A0206282A60027F0C7 /* App */,
				BEA214B8206282A60027F0C7 /* AppTests */,
				BEA214C3206282A60027F0C7 /* AppUITests */,
			);
		};
/* End PBXProject section */

/* Begin PBXResourcesBuildPhase section */
		BEA2149F206282A60027F0C7 /* Resources */ = {
			isa = PBXResourcesBuildPhase;
			buildActionMask = 2147483647;
			files = (
				BEA214B1206282A60027F0C7 /* LaunchScreen.storyboard in Resources */,
				BEA214AE206282A60027F0C7 /* Assets.xcassets in Resources */,
				BEA214AC206282A60027F0C7 /* Main.storyboard in Resources */,
			);
			runOnlyForDeploymentPostprocessing = 0;
		};
		BEA214B7206282A60027F0C7 /* Resources */ = {
			isa = PBXResourcesBuildPhase;
			buildActionMask = 2147483647;
			files = (
			);
			runOnlyForDeploymentPostprocessing = 0;
		};
		BEA214C2206282A60027F0C7 /* Resources */ = {
			isa = PBXResourcesBuildPhase;
			buildActionMask = 2147483647;
			files = (
			);
			runOnlyForDeploymentPostprocessing = 0;
		};
/* End PBXResourcesBuildPhase section */

/* Begin PBXSourcesBuildPhase section */
		BEA2149D206282A60027F0C7 /* Sources */ = {
			isa = PBXSourcesBuildPhase;
			buildActionMask = 2147483647;
			files = (
				BEA214A9206282A60027F0C7 /* ViewController.m in Sources */,
				BEA214B4206282A60027F0C7 /* main.m in Sources */,
				BEA214A6206282A60027F0C7 /* AppDelegate.m in Sources */,
			);
			runOnlyForDeploymentPostprocessing = 0;
		};
		BEA214B5206282A60027F0C7 /* Sources */ = {
			isa = PBXSourcesBuildPhase;
			buildActionMask = 2147483647;
			files = (
				BEA214BE206282A60027F0C7 /* AppTests.m in Sources */,
			);
			runOnlyForDeploymentPostprocessing = 0;
		};
		BEA214C0206282A60027F0C7 /* Sources */ = {
			isa = PBXSourcesBuildPhase;
			buildActionMask = 2147483647;
			files = (
				BEA214C9206282A60027F0C7 /* AppUITests.m in Sources */,
			);
			runOnlyForDeploymentPostprocessing = 0;
		};
/* End PBXSourcesBuildPhase section */

/* Begin PBXTargetDependency section */
		BEA214BB206282A60027F0C7 /* PBXTargetDependency */ = {
			isa = PBXTargetDependency;
			target = BEA214A0206282A60027F0C7 /* App */;
			targetProxy = BEA214BA206282A60027F0C7 /* PBXContainerItemProxy */;
		};
		BEA214C6206282A60027F0C7 /* PBXTargetDependency */ = {
			isa = PBXTargetDependency;
			target = BEA214A0206282A60027F0C7 /* App */;
			targetProxy = BEA214C5206282A60027F0C7 /* PBXContainerItemProxy */;
		};
/* End PBXTargetDependency section */

/* Begin PBXVariantGroup section */
		BEA214AA206282A60027F0C7 /* Main.storyboard */ = {
			isa = PBXVariantGroup;
			children = (
				BEA214AB206282A60027F0C7 /* Base */,
			);
			name = Main.storyboard;
			sourceTree = "<group>";
		};
		BEA214AF206282A60027F0C7 /* LaunchScreen.storyboard */ = {
			isa = PBXVariantGroup;
			children = (
				BEA214B0206282A60027F0C7 /* Base */,
			);
			name = LaunchScreen.storyboard;
			sourceTree = "<group>";
		};
/* End PBXVariantGroup section */

/* Begin XCBuildConfiguration section */
		BEA214CB206282A60027F0C7 /* Debug */ = {
			isa = XCBuildConfiguration;
			buildSettings = {
				ALWAYS_SEARCH_USER_PATHS = NO;
				CLANG_ANALYZER_NONNULL = YES;
				CLANG_ANALYZER_NUMBER_OBJECT_CONVERSION = YES_AGGRESSIVE;
				CLANG_CXX_LANGUAGE_STANDARD = "gnu++14";
				CLANG_CXX_LIBRARY = "libc++";
				CLANG_ENABLE_MODULES = YES;
				CLANG_ENABLE_OBJC_ARC = YES;
				CLANG_WARN_BLOCK_CAPTURE_AUTORELEASING = YES;
				CLANG_WARN_BOOL_CONVERSION = YES;
				CLANG_WARN_COMMA = YES;
				CLANG_WARN_CONSTANT_CONVERSION = YES;
				CLANG_WARN_DIRECT_OBJC_ISA_USAGE = YES_ERROR;
				CLANG_WARN_DOCUMENTATION_COMMENTS = YES;
				CLANG_WARN_EMPTY_BODY = YES;
				CLANG_WARN_ENUM_CONVERSION = YES;
				CLANG_WARN_INFINITE_RECURSION = YES;
				CLANG_WARN_INT_CONVERSION = YES;
				CLANG_WARN_NON_LITERAL_NULL_CONVERSION = YES;
				CLANG_WARN_OBJC_LITERAL_CONVERSION = YES;
				CLANG_WARN_OBJC_ROOT_CLASS = YES_ERROR;
				CLANG_WARN_RANGE_LOOP_ANALYSIS = YES;
				CLANG_WARN_STRICT_PROTOTYPES = YES;
				CLANG_WARN_SUSPICIOUS_MOVE = YES;
				CLANG_WARN_UNGUARDED_AVAILABILITY = YES_AGGRESSIVE;
				CLANG_WARN_UNREACHABLE_CODE = YES;
				CLANG_WARN__DUPLICATE_METHOD_MATCH = YES;
				CODE_SIGN_IDENTITY = "iPhone Developer";
				COPY_PHASE_STRIP = NO;
				DEBUG_INFORMATION_FORMAT = dwarf;
				ENABLE_STRICT_OBJC_MSGSEND = YES;
				ENABLE_TESTABILITY = YES;
				GCC_C_LANGUAGE_STANDARD = gnu11;
				GCC_DYNAMIC_NO_PIC = NO;
				GCC_NO_COMMON_BLOCKS = YES;
				GCC_OPTIMIZATION_LEVEL = 0;
				GCC_PREPROCESSOR_DEFINITIONS = (
					"DEBUG=1",
					"$(inherited)",
				);
				GCC_WARN_64_TO_32_BIT_CONVERSION = YES;
				GCC_WARN_ABOUT_RETURN_TYPE = YES_ERROR;
				GCC_WARN_UNDECLARED_SELECTOR = YES;
				GCC_WARN_UNINITIALIZED_AUTOS = YES_AGGRESSIVE;
				GCC_WARN_UNUSED_FUNCTION = YES;
				GCC_WARN_UNUSED_VARIABLE = YES;
				IPHONEOS_DEPLOYMENT_TARGET = 11.2;
				MTL_ENABLE_DEBUG_INFO = YES;
				ONLY_ACTIVE_ARCH = YES;
				SDKROOT = iphoneos;
			};
			name = Debug;
		};
		BEA214CC206282A60027F0C7 /* Release */ = {
			isa = XCBuildConfiguration;
			buildSettings = {
				ALWAYS_SEARCH_USER_PATHS = NO;
				CLANG_ANALYZER_NONNULL = YES;
				CLANG_ANALYZER_NUMBER_OBJECT_CONVERSION = YES_AGGRESSIVE;
				CLANG_CXX_LANGUAGE_STANDARD = "gnu++14";
				CLANG_CXX_LIBRARY = "libc++";
				CLANG_ENABLE_MODULES = YES;
				CLANG_ENABLE_OBJC_ARC = YES;
				CLANG_WARN_BLOCK_CAPTURE_AUTORELEASING = YES;
				CLANG_WARN_BOOL_CONVERSION = YES;
				CLANG_WARN_COMMA = YES;
				CLANG_WARN_CONSTANT_CONVERSION = YES;
				CLANG_WARN_DIRECT_OBJC_ISA_USAGE = YES_ERROR;
				CLANG_WARN_DOCUMENTATION_COMMENTS = YES;
				CLANG_WARN_EMPTY_BODY = YES;
				CLANG_WARN_ENUM_CONVERSION = YES;
				CLANG_WARN_INFINITE_RECURSION = YES;
				CLANG_WARN_INT_CONVERSION = YES;
				CLANG_WARN_NON_LITERAL_NULL_CONVERSION = YES;
				CLANG_WARN_OBJC_LITERAL_CONVERSION = YES;
				CLANG_WARN_OBJC_ROOT_CLASS = YES_ERROR;
				CLANG_WARN_RANGE_LOOP_ANALYSIS = YES;
				CLANG_WARN_STRICT_PROTOTYPES = YES;
				CLANG_WARN_SUSPICIOUS_MOVE = YES;
				CLANG_WARN_UNGUARDED_AVAILABILITY = YES_AGGRESSIVE;
				CLANG_WARN_UNREACHABLE_CODE = YES;
				CLANG_WARN__DUPLICATE_METHOD_MATCH = YES;
				CODE_SIGN_IDENTITY = "iPhone Developer";
				COPY_PHASE_STRIP = NO;
				DEBUG_INFORMATION_FORMAT = "dwarf-with-dsym";
				ENABLE_NS_ASSERTIONS = NO;
				ENABLE_STRICT_OBJC_MSGSEND = YES;
				GCC_C_LANGUAGE_STANDARD = gnu11;
				GCC_NO_COMMON_BLOCKS = YES;
				GCC_WARN_64_TO_32_BIT_CONVERSION = YES;
				GCC_WARN_ABOUT_RETURN_TYPE = YES_ERROR;
				GCC_WARN_UNDECLARED_SELECTOR = YES;
				GCC_WARN_UNINITIALIZED_AUTOS = YES_AGGRESSIVE;
				GCC_WARN_UNUSED_FUNCTION = YES;
				GCC_WARN_UNUSED_VARIABLE = YES;
				IPHONEOS_DEPLOYMENT_TARGET = 11.2;
				MTL_ENABLE_DEBUG_INFO = NO;
				SDKROOT = iphoneos;
				VALIDATE_PRODUCT = YES;
			};
			name = Release;
		};
		BEA214CE206282A60027F0C7 /* Debug */ = {
			isa = XCBuildConfiguration;
			buildSettings = {
				ASSETCATALOG_COMPILER_APPICON_NAME = AppIcon;
				CODE_SIGN_STYLE = Automatic;
				INFOPLIST_FILE = App/Info.plist;
				LD_RUNPATH_SEARCH_PATHS = "$(inherited) @executable_path/Frameworks";
				PRODUCT_BUNDLE_IDENTIFIER = "Ada-2018.App";
				PRODUCT_NAME = "$(TARGET_NAME)";
				TARGETED_DEVICE_FAMILY = "1,2";
			};
			name = Debug;
		};
		BEA214CF206282A60027F0C7 /* Release */ = {
			isa = XCBuildConfiguration;
			buildSettings = {
				ASSETCATALOG_COMPILER_APPICON_NAME = AppIcon;
				CODE_SIGN_STYLE = Automatic;
				INFOPLIST_FILE = App/Info.plist;
				LD_RUNPATH_SEARCH_PATHS = "$(inherited) @executable_path/Frameworks";
				PRODUCT_BUNDLE_IDENTIFIER = "Ada-2018.App";
				PRODUCT_NAME = "$(TARGET_NAME)";
				TARGETED_DEVICE_FAMILY = "1,2";
			};
			name = Release;
		};
		BEA214D1206282A60027F0C7 /* Debug */ = {
			isa = XCBuildConfiguration;
			buildSettings = {
				BUNDLE_LOADER = "$(TEST_HOST)";
				CODE_SIGN_STYLE = Automatic;
				INFOPLIST_FILE = AppTests/Info.plist;
				LD_RUNPATH_SEARCH_PATHS = "$(inherited) @executable_path/Frameworks @loader_path/Frameworks";
				PRODUCT_BUNDLE_IDENTIFIER = "Ada-2018.AppTests";
				PRODUCT_NAME = "$(TARGET_NAME)";
				TARGETED_DEVICE_FAMILY = "1,2";
				TEST_HOST = "$(BUILT_PRODUCTS_DIR)/App.app/App";
			};
			name = Debug;
		};
		BEA214D2206282A60027F0C7 /* Release */ = {
			isa = XCBuildConfiguration;
			buildSettings = {
				BUNDLE_LOADER = "$(TEST_HOST)";
				CODE_SIGN_STYLE = Automatic;
				INFOPLIST_FILE = AppTests/Info.plist;
				LD_RUNPATH_SEARCH_PATHS = "$(inherited) @executable_path/Frameworks @loader_path/Frameworks";
				PRODUCT_BUNDLE_IDENTIFIER = "Ada-2018.AppTests";
				PRODUCT_NAME = "$(TARGET_NAME)";
				TARGETED_DEVICE_FAMILY = "1,2";
				TEST_HOST = "$(BUILT_PRODUCTS_DIR)/App.app/App";
			};
			name = Release;
		};
		BEA214D4206282A60027F0C7 /* Debug */ = {
			isa = XCBuildConfiguration;
			buildSettings = {
				CODE_SIGN_STYLE = Automatic;
				INFOPLIST_FILE = AppUITests/Info.plist;
				LD_RUNPATH_SEARCH_PATHS = "$(inherited) @executable_path/Frameworks @loader_path/Frameworks";
				PRODUCT_BUNDLE_IDENTIFIER = "Ada-2018.AppUITests";
				PRODUCT_NAME = "$(TARGET_NAME)";
				TARGETED_DEVICE_FAMILY = "1,2";
				TEST_TARGET_NAME = App;
			};
			name = Debug;
		};
		BEA214D5206282A60027F0C7 /* Release */ = {
			isa = XCBuildConfiguration;
			buildSettings = {
				CODE_SIGN_STYLE = Automatic;
				INFOPLIST_FILE = AppUITests/Info.plist;
				LD_RUNPATH_SEARCH_PATHS = "$(inherited) @executable_path/Frameworks @loader_path/Frameworks";
				PRODUCT_BUNDLE_IDENTIFIER = "Ada-2018.AppUITests";
				PRODUCT_NAME = "$(TARGET_NAME)";
				TARGETED_DEVICE_FAMILY = "1,2";
				TEST_TARGET_NAME = App;
			};
			name = Release;
		};
/* End XCBuildConfiguration section */

/* Begin XCConfigurationList section */
		BEA2149C206282A60027F0C7 /* Build configuration list for PBXProject "App" */ = {
			isa = XCConfigurationList;
			buildConfigurations = (
				BEA214CB206282A60027F0C7 /* Debug */,
				BEA214CC206282A60027F0C7 /* Release */,
			);
			defaultConfigurationIsVisible = 0;
			defaultConfigurationName = Release;
		};
		BEA214CD206282A60027F0C7 /* Build configuration list for PBXNativeTarget "App" */ = {
			isa = XCConfigurationList;
			buildConfigurations = (
				BEA214CE206282A60027F0C7 /* Debug */,
				BEA214CF206282A60027F0C7 /* Release */,
			);
			defaultConfigurationIsVisible = 0;
			defaultConfigurationName = Release;
		};
		BEA214D0206282A60027F0C7 /* Build configuration list for PBXNativeTarget "AppTests" */ = {
			isa = XCConfigurationList;
			buildConfigurations = (
				BEA214D1206282A60027F0C7 /* Debug */,
				BEA214D2206282A60027F0C7 /* Release */,
			);
			defaultConfigurationIsVisible = 0;
			defaultConfigurationName = Release;
		};
		BEA214D3206282A60027F0C7 /* Build configuration list for PBXNativeTarget "AppUITests" */ = {
			isa = XCConfigurationList;
			buildConfigurations = (
				BEA214D4206282A60027F0C7 /* Debug */,
				BEA214D5206282A60027F0C7 /* Release */,
			);
			defaultConfigurationIsVisible = 0;
			defaultConfigurationName = Release;
		};
/* End XCConfigurationList section */
	};
	rootObject = BEA21499206282A60027F0C7 /* Project object */;
}
